
Microsoft Visual Studio Solution File, Format Version 12.00
Project("{FAE04EC0-301F-11D3-BF4B-00C04F79EFBC}") = "Cinlogic.Sync", "Cinlogic.Sync\Cinlogic.Sync.csproj", "{AF5B59CA-792A-49C0-AC72-A1E52E0E60ED}"
EndProject
Project("{FAE04EC0-301F-11D3-BF4B-00C04F79EFBC}") = "Cinlogic.Sync.Tests", "Cinlogic.Sync.Tests\Cinlogic.Sync.Tests.csproj", "{255B79B0-A95E-436F-AF17-8F5D12334D53}"
EndProject
Global
	GlobalSection(SolutionConfigurationPlatforms) = preSolution
		Debug|Any CPU = Debug|Any CPU
		Release|Any CPU = Release|Any CPU
	EndGlobalSection
	GlobalSection(ProjectConfigurationPlatforms) = postSolution
		{AF5B59CA-792A-49C0-AC72-A1E52E0E60ED}.Debug|Any CPU.ActiveCfg = Debug|Any CPU
		{AF5B59CA-792A-49C0-AC72-A1E52E0E60ED}.Debug|Any CPU.Build.0 = Debug|Any CPU
		{AF5B59CA-792A-49C0-AC72-A1E52E0E60ED}.Release|Any CPU.ActiveCfg = Release|Any CPU
		{AF5B59CA-792A-49C0-AC72-A1E52E0E60ED}.Release|Any CPU.Build.0 = Release|Any CPU
		{255B79B0-A95E-436F-AF17-8F5D12334D53}.Debug|Any CPU.ActiveCfg = Debug|Any CPU
		{255B79B0-A95E-436F-AF17-8F5D12334D53}.Debug|Any CPU.Build.0 = Debug|Any CPU
		{255B79B0-A95E-436F-AF17-8F5D12334D53}.Release|Any CPU.ActiveCfg = Release|Any CPU
		{255B79B0-A95E-436F-AF17-8F5D12334D53}.Release|Any CPU.Build.0 = Release|Any CPU
	EndGlobalSection
EndGlobal
